
Microsoft Visual Studio Solution File, Format Version 12.00
# Visual Studio Version 16
VisualStudioVersion = 16.0.30611.23
MinimumVisualStudioVersion = 10.0.40219.1
Project("{FAE04EC0-301F-11D3-BF4B-00C04F79EFBC}") = "WebApp", "WebApp\WebApp.csproj", "{1E0C5102-6837-46D8-804C-42F00B43A818}"
EndProject
Global
	GlobalSection(SolutionConfigurationPlatforms) = preSolution
		Debug|Any CPU = Debug|Any CPU
		Release|Any CPU = Release|Any CPU
	EndGlobalSection
	GlobalSection(ProjectConfigurationPlatforms) = postSolution
		{1E0C5102-6837-46D8-804C-42F00B43A818}.Debug|Any CPU.ActiveCfg = Debug|Any CPU
		{1E0C5102-6837-46D8-804C-42F00B43A818}.Debug|Any CPU.Build.0 = Debug|Any CPU
		{1E0C5102-6837-46D8-804C-42F00B43A818}.Release|Any CPU.ActiveCfg = Release|Any CPU
		{1E0C5102-6837-46D8-804C-42F00B43A818}.Release|Any CPU.Build.0 = Release|Any CPU
	EndGlobalSection
	GlobalSection(SolutionProperties) = preSolution
		HideSolutionNode = FALSE
	EndGlobalSection
	GlobalSection(ExtensibilityGlobals) = postSolution
		SolutionGuid = {1864DB04-8BC7-4141-B678-4786575551EB}
	EndGlobalSection
EndGlobal
